
Microsoft Visual Studio Solution File, Format Version 12.00
# Visual Studio Version 16
VisualStudioVersion = 16.0.30523.141
MinimumVisualStudioVersion = 10.0.40219.1
Project("{FAE04EC0-301F-11D3-BF4B-00C04F79EFBC}") = "STP_07TEditor", "STP_07TEditor\STP_07TEditor.csproj", "{7041925B-1998-42FE-BE3B-A21987F832D8}"
EndProject
Project("{FAE04EC0-301F-11D3-BF4B-00C04F79EFBC}") = "STP_06_TPNumber", "..\STP_06_TPNumber\STP_06_TPNumber\STP_06_TPNumber.csproj", "{D1533B41-73A1-4FAD-A1C9-D6B3E87A54B4}"
EndProject
Project("{FAE04EC0-301F-11D3-BF4B-00C04F79EFBC}") = "UnitTestProject2", "UnitTestProject2\UnitTestProject2.csproj", "{DF30912F-058A-449E-ACEE-81E27C7D9E2D}"
EndProject
Global
	GlobalSection(SolutionConfigurationPlatforms) = preSolution
		Debug|Any CPU = Debug|Any CPU
		Release|Any CPU = Release|Any CPU
	EndGlobalSection
	GlobalSection(ProjectConfigurationPlatforms) = postSolution
		{7041925B-1998-42FE-BE3B-A21987F832D8}.Debug|Any CPU.ActiveCfg = Debug|Any CPU
		{7041925B-1998-42FE-BE3B-A21987F832D8}.Debug|Any CPU.Build.0 = Debug|Any CPU
		{7041925B-1998-42FE-BE3B-A21987F832D8}.Release|Any CPU.ActiveCfg = Release|Any CPU
		{7041925B-1998-42FE-BE3B-A21987F832D8}.Release|Any CPU.Build.0 = Release|Any CPU
		{D1533B41-73A1-4FAD-A1C9-D6B3E87A54B4}.Debug|Any CPU.ActiveCfg = Debug|Any CPU
		{D1533B41-73A1-4FAD-A1C9-D6B3E87A54B4}.Debug|Any CPU.Build.0 = Debug|Any CPU
		{D1533B41-73A1-4FAD-A1C9-D6B3E87A54B4}.Release|Any CPU.ActiveCfg = Release|Any CPU
		{D1533B41-73A1-4FAD-A1C9-D6B3E87A54B4}.Release|Any CPU.Build.0 = Release|Any CPU
		{DF30912F-058A-449E-ACEE-81E27C7D9E2D}.Debug|Any CPU.ActiveCfg = Debug|Any CPU
		{DF30912F-058A-449E-ACEE-81E27C7D9E2D}.Debug|Any CPU.Build.0 = Debug|Any CPU
		{DF30912F-058A-449E-ACEE-81E27C7D9E2D}.Release|Any CPU.ActiveCfg = Release|Any CPU
		{DF30912F-058A-449E-ACEE-81E27C7D9E2D}.Release|Any CPU.Build.0 = Release|Any CPU
	EndGlobalSection
	GlobalSection(SolutionProperties) = preSolution
		HideSolutionNode = FALSE
	EndGlobalSection
	GlobalSection(ExtensibilityGlobals) = postSolution
		SolutionGuid = {A8751477-7D2A-4B5E-B9D0-CACCACBAE35D}
	EndGlobalSection
EndGlobal
