
Microsoft Visual Studio Solution File, Format Version 12.00
# Visual Studio Version 16
VisualStudioVersion = 16.0.30523.141
MinimumVisualStudioVersion = 10.0.40219.1
Project("{FAE04EC0-301F-11D3-BF4B-00C04F79EFBC}") = "STP_08_TEditorForCommonFraction", "STP_08_TEditorForCommonFraction\STP_08_TEditorForCommonFraction.csproj", "{8441178C-A724-4C5A-BE2C-6EF678CCF048}"
EndProject
Project("{FAE04EC0-301F-11D3-BF4B-00C04F79EFBC}") = "STP_04_ADT_TFrac", "..\STP_04_ADT_TFrac\STP_04_ADT_TFrac\STP_04_ADT_TFrac.csproj", "{D6F68706-A8C4-47BC-B234-EF8DD77513BE}"
EndProject
Project("{FAE04EC0-301F-11D3-BF4B-00C04F79EFBC}") = "STP_08_TEditorForCommonFractionTests", "STP_08_TEditorForCommonFractionTests\STP_08_TEditorForCommonFractionTests.csproj", "{280C6DD6-2F83-4767-9E3B-87A712424937}"
EndProject
Global
	GlobalSection(SolutionConfigurationPlatforms) = preSolution
		Debug|Any CPU = Debug|Any CPU
		Release|Any CPU = Release|Any CPU
	EndGlobalSection
	GlobalSection(ProjectConfigurationPlatforms) = postSolution
		{8441178C-A724-4C5A-BE2C-6EF678CCF048}.Debug|Any CPU.ActiveCfg = Debug|Any CPU
		{8441178C-A724-4C5A-BE2C-6EF678CCF048}.Debug|Any CPU.Build.0 = Debug|Any CPU
		{8441178C-A724-4C5A-BE2C-6EF678CCF048}.Release|Any CPU.ActiveCfg = Release|Any CPU
		{8441178C-A724-4C5A-BE2C-6EF678CCF048}.Release|Any CPU.Build.0 = Release|Any CPU
		{D6F68706-A8C4-47BC-B234-EF8DD77513BE}.Debug|Any CPU.ActiveCfg = Debug|Any CPU
		{D6F68706-A8C4-47BC-B234-EF8DD77513BE}.Debug|Any CPU.Build.0 = Debug|Any CPU
		{D6F68706-A8C4-47BC-B234-EF8DD77513BE}.Release|Any CPU.ActiveCfg = Release|Any CPU
		{D6F68706-A8C4-47BC-B234-EF8DD77513BE}.Release|Any CPU.Build.0 = Release|Any CPU
		{280C6DD6-2F83-4767-9E3B-87A712424937}.Debug|Any CPU.ActiveCfg = Debug|Any CPU
		{280C6DD6-2F83-4767-9E3B-87A712424937}.Debug|Any CPU.Build.0 = Debug|Any CPU
		{280C6DD6-2F83-4767-9E3B-87A712424937}.Release|Any CPU.ActiveCfg = Release|Any CPU
		{280C6DD6-2F83-4767-9E3B-87A712424937}.Release|Any CPU.Build.0 = Release|Any CPU
	EndGlobalSection
	GlobalSection(SolutionProperties) = preSolution
		HideSolutionNode = FALSE
	EndGlobalSection
	GlobalSection(ExtensibilityGlobals) = postSolution
		SolutionGuid = {B22D9E90-8D3C-437D-83AF-F2F4FB765D61}
	EndGlobalSection
EndGlobal
