
Microsoft Visual Studio Solution File, Format Version 12.00
# Visual Studio Version 16
VisualStudioVersion = 16.0.30523.141
MinimumVisualStudioVersion = 10.0.40219.1
Project("{FAE04EC0-301F-11D3-BF4B-00C04F79EFBC}") = "STP_11_V3_Proc", "STP_11_V3_Proc\STP_11_V3_Proc.csproj", "{6647A8CE-2F7A-4922-82E7-0A4759B2BF6D}"
EndProject
Project("{FAE04EC0-301F-11D3-BF4B-00C04F79EFBC}") = "STP_11_V3_ProcTests", "STP_11_V3_ProcTests\STP_11_V3_ProcTests.csproj", "{3CCC0154-F2A5-43D7-9D85-90BEED2EFCC4}"
EndProject
Global
	GlobalSection(SolutionConfigurationPlatforms) = preSolution
		Debug|Any CPU = Debug|Any CPU
		Release|Any CPU = Release|Any CPU
	EndGlobalSection
	GlobalSection(ProjectConfigurationPlatforms) = postSolution
		{6647A8CE-2F7A-4922-82E7-0A4759B2BF6D}.Debug|Any CPU.ActiveCfg = Debug|Any CPU
		{6647A8CE-2F7A-4922-82E7-0A4759B2BF6D}.Debug|Any CPU.Build.0 = Debug|Any CPU
		{6647A8CE-2F7A-4922-82E7-0A4759B2BF6D}.Release|Any CPU.ActiveCfg = Release|Any CPU
		{6647A8CE-2F7A-4922-82E7-0A4759B2BF6D}.Release|Any CPU.Build.0 = Release|Any CPU
		{3CCC0154-F2A5-43D7-9D85-90BEED2EFCC4}.Debug|Any CPU.ActiveCfg = Debug|Any CPU
		{3CCC0154-F2A5-43D7-9D85-90BEED2EFCC4}.Debug|Any CPU.Build.0 = Debug|Any CPU
		{3CCC0154-F2A5-43D7-9D85-90BEED2EFCC4}.Release|Any CPU.ActiveCfg = Release|Any CPU
		{3CCC0154-F2A5-43D7-9D85-90BEED2EFCC4}.Release|Any CPU.Build.0 = Release|Any CPU
	EndGlobalSection
	GlobalSection(SolutionProperties) = preSolution
		HideSolutionNode = FALSE
	EndGlobalSection
	GlobalSection(ExtensibilityGlobals) = postSolution
		SolutionGuid = {6E21FAC6-4E70-4ACE-9FE0-9849C0BAF2C3}
	EndGlobalSection
EndGlobal
