
Microsoft Visual Studio Solution File, Format Version 12.00
# Visual Studio 15
VisualStudioVersion = 15.0.28307.421
MinimumVisualStudioVersion = 10.0.40219.1
Project("{FAE04EC0-301F-11D3-BF4B-00C04F79EFBC}") = "Practice 05", "L0\Practice 05.csproj", "{424C9162-A5BD-4AB6-A1B1-0113421DD90B}"
EndProject
Global
	GlobalSection(SolutionConfigurationPlatforms) = preSolution
		Debug|Any CPU = Debug|Any CPU
		Release|Any CPU = Release|Any CPU
	EndGlobalSection
	GlobalSection(ProjectConfigurationPlatforms) = postSolution
		{424C9162-A5BD-4AB6-A1B1-0113421DD90B}.Debug|Any CPU.ActiveCfg = Debug|Any CPU
		{424C9162-A5BD-4AB6-A1B1-0113421DD90B}.Debug|Any CPU.Build.0 = Debug|Any CPU
		{424C9162-A5BD-4AB6-A1B1-0113421DD90B}.Release|Any CPU.ActiveCfg = Release|Any CPU
		{424C9162-A5BD-4AB6-A1B1-0113421DD90B}.Release|Any CPU.Build.0 = Release|Any CPU
	EndGlobalSection
	GlobalSection(SolutionProperties) = preSolution
		HideSolutionNode = FALSE
	EndGlobalSection
	GlobalSection(ExtensibilityGlobals) = postSolution
		SolutionGuid = {605048A3-3958-4B7A-BC93-F46E35D7890F}
	EndGlobalSection
EndGlobal
