
Microsoft Visual Studio Solution File, Format Version 12.00
# Visual Studio Version 16
VisualStudioVersion = 16.0.30523.141
MinimumVisualStudioVersion = 10.0.40219.1
Project("{FAE04EC0-301F-11D3-BF4B-00C04F79EFBC}") = "MMO_Lab_1", "MMO_Lab_1\MMO_Lab_1.csproj", "{F8EBD57F-693C-4ED8-9C17-54B8636FA09E}"
EndProject
Global
	GlobalSection(SolutionConfigurationPlatforms) = preSolution
		Debug|Any CPU = Debug|Any CPU
		Release|Any CPU = Release|Any CPU
	EndGlobalSection
	GlobalSection(ProjectConfigurationPlatforms) = postSolution
		{F8EBD57F-693C-4ED8-9C17-54B8636FA09E}.Debug|Any CPU.ActiveCfg = Debug|Any CPU
		{F8EBD57F-693C-4ED8-9C17-54B8636FA09E}.Debug|Any CPU.Build.0 = Debug|Any CPU
		{F8EBD57F-693C-4ED8-9C17-54B8636FA09E}.Release|Any CPU.ActiveCfg = Release|Any CPU
		{F8EBD57F-693C-4ED8-9C17-54B8636FA09E}.Release|Any CPU.Build.0 = Release|Any CPU
	EndGlobalSection
	GlobalSection(SolutionProperties) = preSolution
		HideSolutionNode = FALSE
	EndGlobalSection
	GlobalSection(ExtensibilityGlobals) = postSolution
		SolutionGuid = {618B9200-BA11-4C71-A904-66F43F50EEDB}
	EndGlobalSection
EndGlobal
