
Microsoft Visual Studio Solution File, Format Version 12.00
# Visual Studio Version 16
VisualStudioVersion = 16.0.29806.167
MinimumVisualStudioVersion = 10.0.40219.1
Project("{8BC9CEB8-8B4A-11D0-8D11-00A0C91BC942}") = "lab3_03Matr", "lab3_03Matr\lab3_03Matr.vcxproj", "{603DDE29-41B9-4AF3-8CD1-5416CF2ADDF4}"
EndProject
Global
	GlobalSection(SolutionConfigurationPlatforms) = preSolution
		Debug|x64 = Debug|x64
		Release|x64 = Release|x64
	EndGlobalSection
	GlobalSection(ProjectConfigurationPlatforms) = postSolution
		{603DDE29-41B9-4AF3-8CD1-5416CF2ADDF4}.Debug|x64.ActiveCfg = Debug|x64
		{603DDE29-41B9-4AF3-8CD1-5416CF2ADDF4}.Debug|x64.Build.0 = Debug|x64
		{603DDE29-41B9-4AF3-8CD1-5416CF2ADDF4}.Release|x64.ActiveCfg = Release|x64
		{603DDE29-41B9-4AF3-8CD1-5416CF2ADDF4}.Release|x64.Build.0 = Release|x64
	EndGlobalSection
	GlobalSection(SolutionProperties) = preSolution
		HideSolutionNode = FALSE
	EndGlobalSection
	GlobalSection(ExtensibilityGlobals) = postSolution
		SolutionGuid = {A842924C-C535-4A60-BA62-98FF08BEC2E1}
	EndGlobalSection
EndGlobal
