
Microsoft Visual Studio Solution File, Format Version 12.00
# Visual Studio Version 16
VisualStudioVersion = 16.0.30804.86
MinimumVisualStudioVersion = 10.0.40219.1
Project("{FAE04EC0-301F-11D3-BF4B-00C04F79EFBC}") = "Lab1.0", "Lab1.0\Lab1.0.csproj", "{BCADCB9F-52E0-421D-B096-4EA53297F20D}"
EndProject
Global
	GlobalSection(SolutionConfigurationPlatforms) = preSolution
		Debug|Any CPU = Debug|Any CPU
		Release|Any CPU = Release|Any CPU
	EndGlobalSection
	GlobalSection(ProjectConfigurationPlatforms) = postSolution
		{BCADCB9F-52E0-421D-B096-4EA53297F20D}.Debug|Any CPU.ActiveCfg = Debug|Any CPU
		{BCADCB9F-52E0-421D-B096-4EA53297F20D}.Debug|Any CPU.Build.0 = Debug|Any CPU
		{BCADCB9F-52E0-421D-B096-4EA53297F20D}.Release|Any CPU.ActiveCfg = Release|Any CPU
		{BCADCB9F-52E0-421D-B096-4EA53297F20D}.Release|Any CPU.Build.0 = Release|Any CPU
	EndGlobalSection
	GlobalSection(SolutionProperties) = preSolution
		HideSolutionNode = FALSE
	EndGlobalSection
	GlobalSection(ExtensibilityGlobals) = postSolution
		SolutionGuid = {B26A9B7C-B4AC-4D7A-A132-236402CF8A45}
	EndGlobalSection
EndGlobal
