
Microsoft Visual Studio Solution File, Format Version 12.00
# Visual Studio Version 16
VisualStudioVersion = 16.0.29806.167
MinimumVisualStudioVersion = 10.0.40219.1
Project("{8BC9CEB8-8B4A-11D0-8D11-00A0C91BC942}") = "rgrAR_2", "rgrAR_2\rgrAR_2.vcxproj", "{2E33D4B8-323D-454D-9842-C110D27A25C3}"
EndProject
Global
	GlobalSection(SolutionConfigurationPlatforms) = preSolution
		Debug|x64 = Debug|x64
		Release|x64 = Release|x64
	EndGlobalSection
	GlobalSection(ProjectConfigurationPlatforms) = postSolution
		{2E33D4B8-323D-454D-9842-C110D27A25C3}.Debug|x64.ActiveCfg = Debug|x64
		{2E33D4B8-323D-454D-9842-C110D27A25C3}.Debug|x64.Build.0 = Debug|x64
		{2E33D4B8-323D-454D-9842-C110D27A25C3}.Release|x64.ActiveCfg = Release|x64
		{2E33D4B8-323D-454D-9842-C110D27A25C3}.Release|x64.Build.0 = Release|x64
	EndGlobalSection
	GlobalSection(SolutionProperties) = preSolution
		HideSolutionNode = FALSE
	EndGlobalSection
	GlobalSection(ExtensibilityGlobals) = postSolution
		SolutionGuid = {F3974341-3369-4EC6-9307-5E01332F3060}
	EndGlobalSection
EndGlobal
