
Microsoft Visual Studio Solution File, Format Version 12.00
# Visual Studio Version 16
VisualStudioVersion = 16.0.30523.141
MinimumVisualStudioVersion = 10.0.40219.1
Project("{FAE04EC0-301F-11D3-BF4B-00C04F79EFBC}") = "STP_02_tests2", "STP_02_tests2\STP_02_tests2.csproj", "{5980F1E7-8EBA-459E-AF05-87478D9DFFEC}"
EndProject
Project("{FAE04EC0-301F-11D3-BF4B-00C04F79EFBC}") = "Testing_2_lab", "Testing_2_lab\Testing_2_lab.csproj", "{B3CD5CE6-8FD7-4928-95CB-7164B8B5FC36}"
EndProject
Global
	GlobalSection(SolutionConfigurationPlatforms) = preSolution
		Debug|Any CPU = Debug|Any CPU
		Release|Any CPU = Release|Any CPU
	EndGlobalSection
	GlobalSection(ProjectConfigurationPlatforms) = postSolution
		{5980F1E7-8EBA-459E-AF05-87478D9DFFEC}.Debug|Any CPU.ActiveCfg = Debug|Any CPU
		{5980F1E7-8EBA-459E-AF05-87478D9DFFEC}.Debug|Any CPU.Build.0 = Debug|Any CPU
		{5980F1E7-8EBA-459E-AF05-87478D9DFFEC}.Release|Any CPU.ActiveCfg = Release|Any CPU
		{5980F1E7-8EBA-459E-AF05-87478D9DFFEC}.Release|Any CPU.Build.0 = Release|Any CPU
		{B3CD5CE6-8FD7-4928-95CB-7164B8B5FC36}.Debug|Any CPU.ActiveCfg = Debug|Any CPU
		{B3CD5CE6-8FD7-4928-95CB-7164B8B5FC36}.Debug|Any CPU.Build.0 = Debug|Any CPU
		{B3CD5CE6-8FD7-4928-95CB-7164B8B5FC36}.Release|Any CPU.ActiveCfg = Release|Any CPU
		{B3CD5CE6-8FD7-4928-95CB-7164B8B5FC36}.Release|Any CPU.Build.0 = Release|Any CPU
	EndGlobalSection
	GlobalSection(SolutionProperties) = preSolution
		HideSolutionNode = FALSE
	EndGlobalSection
	GlobalSection(ExtensibilityGlobals) = postSolution
		SolutionGuid = {9EDCA51B-828B-4616-B9E6-A975671F433D}
	EndGlobalSection
EndGlobal
